Microsoft Visual Studio Solution File, Format Version 10.00
# Visual Studio 2008
Project("{FAE04EC0-301F-11D3-BF4B-00C04F79EFBC}") = "Undelete", "Undelete\Undelete.csproj", "{EF70A419-82E3-4F2F-801F-54F4B9C11E30}"
EndProject
Global
	GlobalSection(SolutionConfigurationPlatforms) = preSolution
		Debug|Any CPU = Debug|Any CPU
		Release|Any CPU = Release|Any CPU
	EndGlobalSection
	GlobalSection(ProjectConfigurationPlatforms) = postSolution
		{EF70A419-82E3-4F2F-801F-54F4B9C11E30}.Debug|Any CPU.ActiveCfg = Debug|Any CPU
		{EF70A419-82E3-4F2F-801F-54F4B9C11E30}.Debug|Any CPU.Build.0 = Debug|Any CPU
		{EF70A419-82E3-4F2F-801F-54F4B9C11E30}.Release|Any CPU.ActiveCfg = Release|Any CPU
		{EF70A419-82E3-4F2F-801F-54F4B9C11E30}.Release|Any CPU.Build.0 = Release|Any CPU
	EndGlobalSection
	GlobalSection(SolutionProperties) = preSolution
		HideSolutionNode = FALSE
	EndGlobalSection
EndGlobal
